
Microsoft Visual Studio Solution File, Format Version 12.00
# Visual Studio Version 17
VisualStudioVersion = 17.9.34701.34
MinimumVisualStudioVersion = 10.0.40219.1
Project("{9A19103F-16F7-4668-BE54-9A1E7A4F7556}") = "BookStore_Mock_Project", "BookStore_Mock_Project\BookStore_Mock_Project.csproj", "{F2744FBA-1790-427F-A050-59880ACDD9F9}"
EndProject
Global
	GlobalSection(SolutionConfigurationPlatforms) = preSolution
		Debug|Any CPU = Debug|Any CPU
		Release|Any CPU = Release|Any CPU
	EndGlobalSection
	GlobalSection(ProjectConfigurationPlatforms) = postSolution
		{F2744FBA-1790-427F-A050-59880ACDD9F9}.Debug|Any CPU.ActiveCfg = Debug|Any CPU
		{F2744FBA-1790-427F-A050-59880ACDD9F9}.Debug|Any CPU.Build.0 = Debug|Any CPU
		{F2744FBA-1790-427F-A050-59880ACDD9F9}.Release|Any CPU.ActiveCfg = Release|Any CPU
		{F2744FBA-1790-427F-A050-59880ACDD9F9}.Release|Any CPU.Build.0 = Release|Any CPU
	EndGlobalSection
	GlobalSection(SolutionProperties) = preSolution
		HideSolutionNode = FALSE
	EndGlobalSection
	GlobalSection(ExtensibilityGlobals) = postSolution
		SolutionGuid = {973D7566-259C-45A2-9D9B-58E960293E60}
	EndGlobalSection
EndGlobal
